
Microsoft Visual Studio Solution File, Format Version 12.00
# Visual Studio Version 16
VisualStudioVersion = 16.0.30225.117
MinimumVisualStudioVersion = 15.0.26124.0
Project("{9A19103F-16F7-4668-BE54-9A1E7A4F7556}") = "ItaBank.Environment", "ItaBank.Environment\ItaBank.Environment.csproj", "{18154320-99FE-4A22-89A0-3250F8EB5A62}"
EndProject
Project("{9A19103F-16F7-4668-BE54-9A1E7A4F7556}") = "ItaBank.Domain", "ItaBank.Domain\ItaBank.Domain.csproj", "{142E3573-5068-4401-BB4D-1F28AC5B7933}"
EndProject
Project("{9A19103F-16F7-4668-BE54-9A1E7A4F7556}") = "ItaBank.DataAccess", "ItaBank.DataAccess\ItaBank.DataAccess.csproj", "{C150E28E-35F0-408C-9FB0-5B949F989CB3}"
EndProject
Project("{9A19103F-16F7-4668-BE54-9A1E7A4F7556}") = "ItaBank.DataAccess.Tests", "ItaBank.DataAccess.Tests\ItaBank.DataAccess.Tests.csproj", "{E942EC67-AC4F-491C-931E-FD8BECB3EC89}"
EndProject
Project("{9A19103F-16F7-4668-BE54-9A1E7A4F7556}") = "ItaBank.Api", "ItaBank.Api\ItaBank.Api.csproj", "{5EBF4BB1-F5C1-4836-B521-D7C8B4970F71}"
EndProject
Project("{00D1A9C2-B5F0-4AF3-8072-F6C62B433612}") = "ItaBank.Database", "ItaBank.Database\ItaBank.Database.sqlproj", "{9F26AF71-0EB7-414E-9DB9-586C4D27BB42}"
EndProject
Global
	GlobalSection(SolutionConfigurationPlatforms) = preSolution
		Debug|Any CPU = Debug|Any CPU
		Debug|x64 = Debug|x64
		Debug|x86 = Debug|x86
		Release|Any CPU = Release|Any CPU
		Release|x64 = Release|x64
		Release|x86 = Release|x86
	EndGlobalSection
	GlobalSection(ProjectConfigurationPlatforms) = postSolution
		{18154320-99FE-4A22-89A0-3250F8EB5A62}.Debug|Any CPU.ActiveCfg = Debug|Any CPU
		{18154320-99FE-4A22-89A0-3250F8EB5A62}.Debug|Any CPU.Build.0 = Debug|Any CPU
		{18154320-99FE-4A22-89A0-3250F8EB5A62}.Debug|x64.ActiveCfg = Debug|Any CPU
		{18154320-99FE-4A22-89A0-3250F8EB5A62}.Debug|x64.Build.0 = Debug|Any CPU
		{18154320-99FE-4A22-89A0-3250F8EB5A62}.Debug|x86.ActiveCfg = Debug|Any CPU
		{18154320-99FE-4A22-89A0-3250F8EB5A62}.Debug|x86.Build.0 = Debug|Any CPU
		{18154320-99FE-4A22-89A0-3250F8EB5A62}.Release|Any CPU.ActiveCfg = Release|Any CPU
		{18154320-99FE-4A22-89A0-3250F8EB5A62}.Release|Any CPU.Build.0 = Release|Any CPU
		{18154320-99FE-4A22-89A0-3250F8EB5A62}.Release|x64.ActiveCfg = Release|Any CPU
		{18154320-99FE-4A22-89A0-3250F8EB5A62}.Release|x64.Build.0 = Release|Any CPU
		{18154320-99FE-4A22-89A0-3250F8EB5A62}.Release|x86.ActiveCfg = Release|Any CPU
		{18154320-99FE-4A22-89A0-3250F8EB5A62}.Release|x86.Build.0 = Release|Any CPU
		{142E3573-5068-4401-BB4D-1F28AC5B7933}.Debug|Any CPU.ActiveCfg = Debug|Any CPU
		{142E3573-5068-4401-BB4D-1F28AC5B7933}.Debug|Any CPU.Build.0 = Debug|Any CPU
		{142E3573-5068-4401-BB4D-1F28AC5B7933}.Debug|x64.ActiveCfg = Debug|Any CPU
		{142E3573-5068-4401-BB4D-1F28AC5B7933}.Debug|x64.Build.0 = Debug|Any CPU
		{142E3573-5068-4401-BB4D-1F28AC5B7933}.Debug|x86.ActiveCfg = Debug|Any CPU
		{142E3573-5068-4401-BB4D-1F28AC5B7933}.Debug|x86.Build.0 = Debug|Any CPU
		{142E3573-5068-4401-BB4D-1F28AC5B7933}.Release|Any CPU.ActiveCfg = Release|Any CPU
		{142E3573-5068-4401-BB4D-1F28AC5B7933}.Release|Any CPU.Build.0 = Release|Any CPU
		{142E3573-5068-4401-BB4D-1F28AC5B7933}.Release|x64.ActiveCfg = Release|Any CPU
		{142E3573-5068-4401-BB4D-1F28AC5B7933}.Release|x64.Build.0 = Release|Any CPU
		{142E3573-5068-4401-BB4D-1F28AC5B7933}.Release|x86.ActiveCfg = Release|Any CPU
		{142E3573-5068-4401-BB4D-1F28AC5B7933}.Release|x86.Build.0 = Release|Any CPU
		{C150E28E-35F0-408C-9FB0-5B949F989CB3}.Debug|Any CPU.ActiveCfg = Debug|Any CPU
		{C150E28E-35F0-408C-9FB0-5B949F989CB3}.Debug|Any CPU.Build.0 = Debug|Any CPU
		{C150E28E-35F0-408C-9FB0-5B949F989CB3}.Debug|x64.ActiveCfg = Debug|Any CPU
		{C150E28E-35F0-408C-9FB0-5B949F989CB3}.Debug|x64.Build.0 = Debug|Any CPU
		{C150E28E-35F0-408C-9FB0-5B949F989CB3}.Debug|x86.ActiveCfg = Debug|Any CPU
		{C150E28E-35F0-408C-9FB0-5B949F989CB3}.Debug|x86.Build.0 = Debug|Any CPU
		{C150E28E-35F0-408C-9FB0-5B949F989CB3}.Release|Any CPU.ActiveCfg = Release|Any CPU
		{C150E28E-35F0-408C-9FB0-5B949F989CB3}.Release|Any CPU.Build.0 = Release|Any CPU
		{C150E28E-35F0-408C-9FB0-5B949F989CB3}.Release|x64.ActiveCfg = Release|Any CPU
		{C150E28E-35F0-408C-9FB0-5B949F989CB3}.Release|x64.Build.0 = Release|Any CPU
		{C150E28E-35F0-408C-9FB0-5B949F989CB3}.Release|x86.ActiveCfg = Release|Any CPU
		{C150E28E-35F0-408C-9FB0-5B949F989CB3}.Release|x86.Build.0 = Release|Any CPU
		{E942EC67-AC4F-491C-931E-FD8BECB3EC89}.Debug|Any CPU.ActiveCfg = Debug|Any CPU
		{E942EC67-AC4F-491C-931E-FD8BECB3EC89}.Debug|Any CPU.Build.0 = Debug|Any CPU
		{E942EC67-AC4F-491C-931E-FD8BECB3EC89}.Debug|x64.ActiveCfg = Debug|Any CPU
		{E942EC67-AC4F-491C-931E-FD8BECB3EC89}.Debug|x64.Build.0 = Debug|Any CPU
		{E942EC67-AC4F-491C-931E-FD8BECB3EC89}.Debug|x86.ActiveCfg = Debug|Any CPU
		{E942EC67-AC4F-491C-931E-FD8BECB3EC89}.Debug|x86.Build.0 = Debug|Any CPU
		{E942EC67-AC4F-491C-931E-FD8BECB3EC89}.Release|Any CPU.ActiveCfg = Release|Any CPU
		{E942EC67-AC4F-491C-931E-FD8BECB3EC89}.Release|Any CPU.Build.0 = Release|Any CPU
		{E942EC67-AC4F-491C-931E-FD8BECB3EC89}.Release|x64.ActiveCfg = Release|Any CPU
		{E942EC67-AC4F-491C-931E-FD8BECB3EC89}.Release|x64.Build.0 = Release|Any CPU
		{E942EC67-AC4F-491C-931E-FD8BECB3EC89}.Release|x86.ActiveCfg = Release|Any CPU
		{E942EC67-AC4F-491C-931E-FD8BECB3EC89}.Release|x86.Build.0 = Release|Any CPU
		{5EBF4BB1-F5C1-4836-B521-D7C8B4970F71}.Debug|Any CPU.ActiveCfg = Debug|Any CPU
		{5EBF4BB1-F5C1-4836-B521-D7C8B4970F71}.Debug|Any CPU.Build.0 = Debug|Any CPU
		{5EBF4BB1-F5C1-4836-B521-D7C8B4970F71}.Debug|x64.ActiveCfg = Debug|Any CPU
		{5EBF4BB1-F5C1-4836-B521-D7C8B4970F71}.Debug|x64.Build.0 = Debug|Any CPU
		{5EBF4BB1-F5C1-4836-B521-D7C8B4970F71}.Debug|x86.ActiveCfg = Debug|Any CPU
		{5EBF4BB1-F5C1-4836-B521-D7C8B4970F71}.Debug|x86.Build.0 = Debug|Any CPU
		{5EBF4BB1-F5C1-4836-B521-D7C8B4970F71}.Release|Any CPU.ActiveCfg = Release|Any CPU
		{5EBF4BB1-F5C1-4836-B521-D7C8B4970F71}.Release|Any CPU.Build.0 = Release|Any CPU
		{5EBF4BB1-F5C1-4836-B521-D7C8B4970F71}.Release|x64.ActiveCfg = Release|Any CPU
		{5EBF4BB1-F5C1-4836-B521-D7C8B4970F71}.Release|x64.Build.0 = Release|Any CPU
		{5EBF4BB1-F5C1-4836-B521-D7C8B4970F71}.Release|x86.ActiveCfg = Release|Any CPU
		{5EBF4BB1-F5C1-4836-B521-D7C8B4970F71}.Release|x86.Build.0 = Release|Any CPU
		{9F26AF71-0EB7-414E-9DB9-586C4D27BB42}.Debug|Any CPU.ActiveCfg = Debug|Any CPU
		{9F26AF71-0EB7-414E-9DB9-586C4D27BB42}.Debug|Any CPU.Build.0 = Debug|Any CPU
		{9F26AF71-0EB7-414E-9DB9-586C4D27BB42}.Debug|Any CPU.Deploy.0 = Debug|Any CPU
		{9F26AF71-0EB7-414E-9DB9-586C4D27BB42}.Debug|x64.ActiveCfg = Debug|Any CPU
		{9F26AF71-0EB7-414E-9DB9-586C4D27BB42}.Debug|x64.Build.0 = Debug|Any CPU
		{9F26AF71-0EB7-414E-9DB9-586C4D27BB42}.Debug|x64.Deploy.0 = Debug|Any CPU
		{9F26AF71-0EB7-414E-9DB9-586C4D27BB42}.Debug|x86.ActiveCfg = Debug|Any CPU
		{9F26AF71-0EB7-414E-9DB9-586C4D27BB42}.Debug|x86.Build.0 = Debug|Any CPU
		{9F26AF71-0EB7-414E-9DB9-586C4D27BB42}.Debug|x86.Deploy.0 = Debug|Any CPU
		{9F26AF71-0EB7-414E-9DB9-586C4D27BB42}.Release|Any CPU.ActiveCfg = Release|Any CPU
		{9F26AF71-0EB7-414E-9DB9-586C4D27BB42}.Release|Any CPU.Build.0 = Release|Any CPU
		{9F26AF71-0EB7-414E-9DB9-586C4D27BB42}.Release|Any CPU.Deploy.0 = Release|Any CPU
		{9F26AF71-0EB7-414E-9DB9-586C4D27BB42}.Release|x64.ActiveCfg = Release|Any CPU
		{9F26AF71-0EB7-414E-9DB9-586C4D27BB42}.Release|x64.Build.0 = Release|Any CPU
		{9F26AF71-0EB7-414E-9DB9-586C4D27BB42}.Release|x64.Deploy.0 = Release|Any CPU
		{9F26AF71-0EB7-414E-9DB9-586C4D27BB42}.Release|x86.ActiveCfg = Release|Any CPU
		{9F26AF71-0EB7-414E-9DB9-586C4D27BB42}.Release|x86.Build.0 = Release|Any CPU
		{9F26AF71-0EB7-414E-9DB9-586C4D27BB42}.Release|x86.Deploy.0 = Release|Any CPU
	EndGlobalSection
	GlobalSection(SolutionProperties) = preSolution
		HideSolutionNode = FALSE
	EndGlobalSection
	GlobalSection(ExtensibilityGlobals) = postSolution
		SolutionGuid = {AA3215D4-D1D8-4D38-8689-D52BCF24A9D1}
	EndGlobalSection
EndGlobal
