
Microsoft Visual Studio Solution File, Format Version 12.00
# Visual Studio Version 16
VisualStudioVersion = 16.0.30225.117
MinimumVisualStudioVersion = 15.0.26124.0
Project("{9A19103F-16F7-4668-BE54-9A1E7A4F7556}") = "ItaBank.Environment", "ItaBank.Environment\ItaBank.Environment.csproj", "{18154320-99FE-4A22-89A0-3250F8EB5A62}"
EndProject
Project("{9A19103F-16F7-4668-BE54-9A1E7A4F7556}") = "ItaBank.Domain", "ItaBank.Domain\ItaBank.Domain.csproj", "{142E3573-5068-4401-BB4D-1F28AC5B7933}"
EndProject
Project("{9A19103F-16F7-4668-BE54-9A1E7A4F7556}") = "ItaBank.Api", "ItaBank.Api\ItaBank.Api.csproj", "{5EBF4BB1-F5C1-4836-B521-D7C8B4970F71}"
EndProject
Project("{00D1A9C2-B5F0-4AF3-8072-F6C62B433612}") = "ItaBank.Database", "ItaBank.Database\ItaBank.Database.sqlproj", "{9F26AF71-0EB7-414E-9DB9-586C4D27BB42}"
EndProject
Project("{9A19103F-16F7-4668-BE54-9A1E7A4F7556}") = "ItaBank.Core", "ItaBank.Core\ItaBank.Core.csproj", "{E959684C-1A63-4264-82A4-CFFC7B76FB21}"
EndProject
Project("{9A19103F-16F7-4668-BE54-9A1E7A4F7556}") = "ItaBank.Core.Tests", "ItaBank.Core.Tests\ItaBank.Core.Tests.csproj", "{F57B1DCD-98F3-4D01-AD38-EE3E7509E10B}"
EndProject
Project("{9A19103F-16F7-4668-BE54-9A1E7A4F7556}") = "ItaBank.SDK", "ItaBank.SDK\ItaBank.SDK.csproj", "{4BB87DA3-A860-4254-85C7-50013DA4ACB4}"
EndProject
Project("{9A19103F-16F7-4668-BE54-9A1E7A4F7556}") = "ItaBank.Web", "ItaBank.Web\ItaBank.Web.csproj", "{A67E6CA3-2E95-45DE-B2B6-8924A11B5F11}"
EndProject
Project("{9A19103F-16F7-4668-BE54-9A1E7A4F7556}") = "ItaBank.Mapping", "ItaBank.Mapping\ItaBank.Mapping.csproj", "{E5F9B2E1-80C1-4E3A-A7E8-EA77B0679E0B}"
EndProject
Project("{2150E333-8FDC-42A3-9474-1A3956D46DE8}") = "Solution Items", "Solution Items", "{93A75B6E-46F8-4BEE-90FF-3471C26EAC24}"
	ProjectSection(SolutionItems) = preProject
		azure-pipelines.yml = azure-pipelines.yml
	EndProjectSection
EndProject
Global
	GlobalSection(SolutionConfigurationPlatforms) = preSolution
		Debug|Any CPU = Debug|Any CPU
		Debug|x64 = Debug|x64
		Debug|x86 = Debug|x86
		Release|Any CPU = Release|Any CPU
		Release|x64 = Release|x64
		Release|x86 = Release|x86
	EndGlobalSection
	GlobalSection(ProjectConfigurationPlatforms) = postSolution
		{18154320-99FE-4A22-89A0-3250F8EB5A62}.Debug|Any CPU.ActiveCfg = Debug|Any CPU
		{18154320-99FE-4A22-89A0-3250F8EB5A62}.Debug|Any CPU.Build.0 = Debug|Any CPU
		{18154320-99FE-4A22-89A0-3250F8EB5A62}.Debug|x64.ActiveCfg = Debug|Any CPU
		{18154320-99FE-4A22-89A0-3250F8EB5A62}.Debug|x64.Build.0 = Debug|Any CPU
		{18154320-99FE-4A22-89A0-3250F8EB5A62}.Debug|x86.ActiveCfg = Debug|Any CPU
		{18154320-99FE-4A22-89A0-3250F8EB5A62}.Debug|x86.Build.0 = Debug|Any CPU
		{18154320-99FE-4A22-89A0-3250F8EB5A62}.Release|Any CPU.ActiveCfg = Release|Any CPU
		{18154320-99FE-4A22-89A0-3250F8EB5A62}.Release|Any CPU.Build.0 = Release|Any CPU
		{18154320-99FE-4A22-89A0-3250F8EB5A62}.Release|x64.ActiveCfg = Release|Any CPU
		{18154320-99FE-4A22-89A0-3250F8EB5A62}.Release|x64.Build.0 = Release|Any CPU
		{18154320-99FE-4A22-89A0-3250F8EB5A62}.Release|x86.ActiveCfg = Release|Any CPU
		{18154320-99FE-4A22-89A0-3250F8EB5A62}.Release|x86.Build.0 = Release|Any CPU
		{142E3573-5068-4401-BB4D-1F28AC5B7933}.Debug|Any CPU.ActiveCfg = Debug|Any CPU
		{142E3573-5068-4401-BB4D-1F28AC5B7933}.Debug|Any CPU.Build.0 = Debug|Any CPU
		{142E3573-5068-4401-BB4D-1F28AC5B7933}.Debug|x64.ActiveCfg = Debug|Any CPU
		{142E3573-5068-4401-BB4D-1F28AC5B7933}.Debug|x64.Build.0 = Debug|Any CPU
		{142E3573-5068-4401-BB4D-1F28AC5B7933}.Debug|x86.ActiveCfg = Debug|Any CPU
		{142E3573-5068-4401-BB4D-1F28AC5B7933}.Debug|x86.Build.0 = Debug|Any CPU
		{142E3573-5068-4401-BB4D-1F28AC5B7933}.Release|Any CPU.ActiveCfg = Release|Any CPU
		{142E3573-5068-4401-BB4D-1F28AC5B7933}.Release|Any CPU.Build.0 = Release|Any CPU
		{142E3573-5068-4401-BB4D-1F28AC5B7933}.Release|x64.ActiveCfg = Release|Any CPU
		{142E3573-5068-4401-BB4D-1F28AC5B7933}.Release|x64.Build.0 = Release|Any CPU
		{142E3573-5068-4401-BB4D-1F28AC5B7933}.Release|x86.ActiveCfg = Release|Any CPU
		{142E3573-5068-4401-BB4D-1F28AC5B7933}.Release|x86.Build.0 = Release|Any CPU
		{5EBF4BB1-F5C1-4836-B521-D7C8B4970F71}.Debug|Any CPU.ActiveCfg = Debug|Any CPU
		{5EBF4BB1-F5C1-4836-B521-D7C8B4970F71}.Debug|Any CPU.Build.0 = Debug|Any CPU
		{5EBF4BB1-F5C1-4836-B521-D7C8B4970F71}.Debug|x64.ActiveCfg = Debug|Any CPU
		{5EBF4BB1-F5C1-4836-B521-D7C8B4970F71}.Debug|x64.Build.0 = Debug|Any CPU
		{5EBF4BB1-F5C1-4836-B521-D7C8B4970F71}.Debug|x86.ActiveCfg = Debug|Any CPU
		{5EBF4BB1-F5C1-4836-B521-D7C8B4970F71}.Debug|x86.Build.0 = Debug|Any CPU
		{5EBF4BB1-F5C1-4836-B521-D7C8B4970F71}.Release|Any CPU.ActiveCfg = Release|Any CPU
		{5EBF4BB1-F5C1-4836-B521-D7C8B4970F71}.Release|Any CPU.Build.0 = Release|Any CPU
		{5EBF4BB1-F5C1-4836-B521-D7C8B4970F71}.Release|x64.ActiveCfg = Release|Any CPU
		{5EBF4BB1-F5C1-4836-B521-D7C8B4970F71}.Release|x64.Build.0 = Release|Any CPU
		{5EBF4BB1-F5C1-4836-B521-D7C8B4970F71}.Release|x86.ActiveCfg = Release|Any CPU
		{5EBF4BB1-F5C1-4836-B521-D7C8B4970F71}.Release|x86.Build.0 = Release|Any CPU
		{9F26AF71-0EB7-414E-9DB9-586C4D27BB42}.Debug|Any CPU.ActiveCfg = Debug|Any CPU
		{9F26AF71-0EB7-414E-9DB9-586C4D27BB42}.Debug|x64.ActiveCfg = Debug|Any CPU
		{9F26AF71-0EB7-414E-9DB9-586C4D27BB42}.Debug|x64.Build.0 = Debug|Any CPU
		{9F26AF71-0EB7-414E-9DB9-586C4D27BB42}.Debug|x64.Deploy.0 = Debug|Any CPU
		{9F26AF71-0EB7-414E-9DB9-586C4D27BB42}.Debug|x86.ActiveCfg = Debug|Any CPU
		{9F26AF71-0EB7-414E-9DB9-586C4D27BB42}.Debug|x86.Build.0 = Debug|Any CPU
		{9F26AF71-0EB7-414E-9DB9-586C4D27BB42}.Debug|x86.Deploy.0 = Debug|Any CPU
		{9F26AF71-0EB7-414E-9DB9-586C4D27BB42}.Release|Any CPU.ActiveCfg = Release|Any CPU
		{9F26AF71-0EB7-414E-9DB9-586C4D27BB42}.Release|x64.ActiveCfg = Release|Any CPU
		{9F26AF71-0EB7-414E-9DB9-586C4D27BB42}.Release|x64.Build.0 = Release|Any CPU
		{9F26AF71-0EB7-414E-9DB9-586C4D27BB42}.Release|x64.Deploy.0 = Release|Any CPU
		{9F26AF71-0EB7-414E-9DB9-586C4D27BB42}.Release|x86.ActiveCfg = Release|Any CPU
		{9F26AF71-0EB7-414E-9DB9-586C4D27BB42}.Release|x86.Build.0 = Release|Any CPU
		{9F26AF71-0EB7-414E-9DB9-586C4D27BB42}.Release|x86.Deploy.0 = Release|Any CPU
		{E959684C-1A63-4264-82A4-CFFC7B76FB21}.Debug|Any CPU.ActiveCfg = Debug|Any CPU
		{E959684C-1A63-4264-82A4-CFFC7B76FB21}.Debug|Any CPU.Build.0 = Debug|Any CPU
		{E959684C-1A63-4264-82A4-CFFC7B76FB21}.Debug|x64.ActiveCfg = Debug|Any CPU
		{E959684C-1A63-4264-82A4-CFFC7B76FB21}.Debug|x64.Build.0 = Debug|Any CPU
		{E959684C-1A63-4264-82A4-CFFC7B76FB21}.Debug|x86.ActiveCfg = Debug|Any CPU
		{E959684C-1A63-4264-82A4-CFFC7B76FB21}.Debug|x86.Build.0 = Debug|Any CPU
		{E959684C-1A63-4264-82A4-CFFC7B76FB21}.Release|Any CPU.ActiveCfg = Release|Any CPU
		{E959684C-1A63-4264-82A4-CFFC7B76FB21}.Release|Any CPU.Build.0 = Release|Any CPU
		{E959684C-1A63-4264-82A4-CFFC7B76FB21}.Release|x64.ActiveCfg = Release|Any CPU
		{E959684C-1A63-4264-82A4-CFFC7B76FB21}.Release|x64.Build.0 = Release|Any CPU
		{E959684C-1A63-4264-82A4-CFFC7B76FB21}.Release|x86.ActiveCfg = Release|Any CPU
		{E959684C-1A63-4264-82A4-CFFC7B76FB21}.Release|x86.Build.0 = Release|Any CPU
		{F57B1DCD-98F3-4D01-AD38-EE3E7509E10B}.Debug|Any CPU.ActiveCfg = Debug|Any CPU
		{F57B1DCD-98F3-4D01-AD38-EE3E7509E10B}.Debug|Any CPU.Build.0 = Debug|Any CPU
		{F57B1DCD-98F3-4D01-AD38-EE3E7509E10B}.Debug|x64.ActiveCfg = Debug|Any CPU
		{F57B1DCD-98F3-4D01-AD38-EE3E7509E10B}.Debug|x64.Build.0 = Debug|Any CPU
		{F57B1DCD-98F3-4D01-AD38-EE3E7509E10B}.Debug|x86.ActiveCfg = Debug|Any CPU
		{F57B1DCD-98F3-4D01-AD38-EE3E7509E10B}.Debug|x86.Build.0 = Debug|Any CPU
		{F57B1DCD-98F3-4D01-AD38-EE3E7509E10B}.Release|Any CPU.ActiveCfg = Release|Any CPU
		{F57B1DCD-98F3-4D01-AD38-EE3E7509E10B}.Release|Any CPU.Build.0 = Release|Any CPU
		{F57B1DCD-98F3-4D01-AD38-EE3E7509E10B}.Release|x64.ActiveCfg = Release|Any CPU
		{F57B1DCD-98F3-4D01-AD38-EE3E7509E10B}.Release|x64.Build.0 = Release|Any CPU
		{F57B1DCD-98F3-4D01-AD38-EE3E7509E10B}.Release|x86.ActiveCfg = Release|Any CPU
		{F57B1DCD-98F3-4D01-AD38-EE3E7509E10B}.Release|x86.Build.0 = Release|Any CPU
		{4BB87DA3-A860-4254-85C7-50013DA4ACB4}.Debug|Any CPU.ActiveCfg = Debug|Any CPU
		{4BB87DA3-A860-4254-85C7-50013DA4ACB4}.Debug|Any CPU.Build.0 = Debug|Any CPU
		{4BB87DA3-A860-4254-85C7-50013DA4ACB4}.Debug|x64.ActiveCfg = Debug|Any CPU
		{4BB87DA3-A860-4254-85C7-50013DA4ACB4}.Debug|x64.Build.0 = Debug|Any CPU
		{4BB87DA3-A860-4254-85C7-50013DA4ACB4}.Debug|x86.ActiveCfg = Debug|Any CPU
		{4BB87DA3-A860-4254-85C7-50013DA4ACB4}.Debug|x86.Build.0 = Debug|Any CPU
		{4BB87DA3-A860-4254-85C7-50013DA4ACB4}.Release|Any CPU.ActiveCfg = Release|Any CPU
		{4BB87DA3-A860-4254-85C7-50013DA4ACB4}.Release|Any CPU.Build.0 = Release|Any CPU
		{4BB87DA3-A860-4254-85C7-50013DA4ACB4}.Release|x64.ActiveCfg = Release|Any CPU
		{4BB87DA3-A860-4254-85C7-50013DA4ACB4}.Release|x64.Build.0 = Release|Any CPU
		{4BB87DA3-A860-4254-85C7-50013DA4ACB4}.Release|x86.ActiveCfg = Release|Any CPU
		{4BB87DA3-A860-4254-85C7-50013DA4ACB4}.Release|x86.Build.0 = Release|Any CPU
		{A67E6CA3-2E95-45DE-B2B6-8924A11B5F11}.Debug|Any CPU.ActiveCfg = Debug|Any CPU
		{A67E6CA3-2E95-45DE-B2B6-8924A11B5F11}.Debug|Any CPU.Build.0 = Debug|Any CPU
		{A67E6CA3-2E95-45DE-B2B6-8924A11B5F11}.Debug|x64.ActiveCfg = Debug|Any CPU
		{A67E6CA3-2E95-45DE-B2B6-8924A11B5F11}.Debug|x64.Build.0 = Debug|Any CPU
		{A67E6CA3-2E95-45DE-B2B6-8924A11B5F11}.Debug|x86.ActiveCfg = Debug|Any CPU
		{A67E6CA3-2E95-45DE-B2B6-8924A11B5F11}.Debug|x86.Build.0 = Debug|Any CPU
		{A67E6CA3-2E95-45DE-B2B6-8924A11B5F11}.Release|Any CPU.ActiveCfg = Release|Any CPU
		{A67E6CA3-2E95-45DE-B2B6-8924A11B5F11}.Release|Any CPU.Build.0 = Release|Any CPU
		{A67E6CA3-2E95-45DE-B2B6-8924A11B5F11}.Release|x64.ActiveCfg = Release|Any CPU
		{A67E6CA3-2E95-45DE-B2B6-8924A11B5F11}.Release|x64.Build.0 = Release|Any CPU
		{A67E6CA3-2E95-45DE-B2B6-8924A11B5F11}.Release|x86.ActiveCfg = Release|Any CPU
		{A67E6CA3-2E95-45DE-B2B6-8924A11B5F11}.Release|x86.Build.0 = Release|Any CPU
		{E5F9B2E1-80C1-4E3A-A7E8-EA77B0679E0B}.Debug|Any CPU.ActiveCfg = Debug|Any CPU
		{E5F9B2E1-80C1-4E3A-A7E8-EA77B0679E0B}.Debug|Any CPU.Build.0 = Debug|Any CPU
		{E5F9B2E1-80C1-4E3A-A7E8-EA77B0679E0B}.Debug|x64.ActiveCfg = Debug|Any CPU
		{E5F9B2E1-80C1-4E3A-A7E8-EA77B0679E0B}.Debug|x64.Build.0 = Debug|Any CPU
		{E5F9B2E1-80C1-4E3A-A7E8-EA77B0679E0B}.Debug|x86.ActiveCfg = Debug|Any CPU
		{E5F9B2E1-80C1-4E3A-A7E8-EA77B0679E0B}.Debug|x86.Build.0 = Debug|Any CPU
		{E5F9B2E1-80C1-4E3A-A7E8-EA77B0679E0B}.Release|Any CPU.ActiveCfg = Release|Any CPU
		{E5F9B2E1-80C1-4E3A-A7E8-EA77B0679E0B}.Release|Any CPU.Build.0 = Release|Any CPU
		{E5F9B2E1-80C1-4E3A-A7E8-EA77B0679E0B}.Release|x64.ActiveCfg = Release|Any CPU
		{E5F9B2E1-80C1-4E3A-A7E8-EA77B0679E0B}.Release|x64.Build.0 = Release|Any CPU
		{E5F9B2E1-80C1-4E3A-A7E8-EA77B0679E0B}.Release|x86.ActiveCfg = Release|Any CPU
		{E5F9B2E1-80C1-4E3A-A7E8-EA77B0679E0B}.Release|x86.Build.0 = Release|Any CPU
	EndGlobalSection
	GlobalSection(SolutionProperties) = preSolution
		HideSolutionNode = FALSE
	EndGlobalSection
	GlobalSection(ExtensibilityGlobals) = postSolution
		SolutionGuid = {AA3215D4-D1D8-4D38-8689-D52BCF24A9D1}
	EndGlobalSection
EndGlobal
